// !$*UTF8*$!
{
	archiveVersion = 1;
	classes = {
	};
	objectVersion = 52;
	objects = {

/* Begin PBXBuildFile section */
		23CB3489F9428247EC2DF93F /* Pods_GoogleMapSwiftUI_GoogleMapSwiftUIUITests.framework in Frameworks */ = {isa = PBXBuildFile; fileRef = F899560143CCADC860C99D6A /* Pods_GoogleMapSwiftUI_GoogleMapSwiftUIUITests.framework */; };
		735EB38CCB861FE3805021D1 /* Pods_GoogleMapSwiftUI.framework in Frameworks */ = {isa = PBXBuildFile; fileRef = 5761C0F48D009E25C27EE912 /* Pods_GoogleMapSwiftUI.framework */; };
		7AF5A16934EE73D68FA2ECFE /* Pods_GoogleMapSwiftUITests.framework in Frameworks */ = {isa = PBXBuildFile; fileRef = 4EB6FE8236FC779B179010CC /* Pods_GoogleMapSwiftUITests.framework */; };
		C708732326DA9655003911DA /* ClusterItemDetailView.swift in Sources */ = {isa = PBXBuildFile; fileRef = C708732226DA9655003911DA /* ClusterItemDetailView.swift */; };
		C708732A26DC0E0C003911DA /* Screenshot1.png in Resources */ = {isa = PBXBuildFile; fileRef = C708732526DC0E0B003911DA /* Screenshot1.png */; };
		C708732B26DC0E0C003911DA /* Screenshot4.png in Resources */ = {isa = PBXBuildFile; fileRef = C708732626DC0E0B003911DA /* Screenshot4.png */; };
		C708732C26DC0E0C003911DA /* Screenshot2.png in Resources */ = {isa = PBXBuildFile; fileRef = C708732726DC0E0C003911DA /* Screenshot2.png */; };
		C708732D26DC0E0C003911DA /* Screenshot5.png in Resources */ = {isa = PBXBuildFile; fileRef = C708732826DC0E0C003911DA /* Screenshot5.png */; };
		C708732E26DC0E0C003911DA /* Screenshot3.png in Resources */ = {isa = PBXBuildFile; fileRef = C708732926DC0E0C003911DA /* Screenshot3.png */; };
		C731C72526D9929F00267D63 /* ClusterItemListView.swift in Sources */ = {isa = PBXBuildFile; fileRef = C731C72426D9929F00267D63 /* ClusterItemListView.swift */; };
		C73C36A52694C592004831C0 /* FirebaseDatabase in Frameworks */ = {isa = PBXBuildFile; productRef = C73C36A42694C592004831C0 /* FirebaseDatabase */; };
		C73C36A72694C592004831C0 /* FirebaseStorage in Frameworks */ = {isa = PBXBuildFile; productRef = C73C36A62694C592004831C0 /* FirebaseStorage */; };
		C73C36A92694C592004831C0 /* FirebaseFirestore in Frameworks */ = {isa = PBXBuildFile; productRef = C73C36A82694C592004831C0 /* FirebaseFirestore */; };
		C7ADAD312691DE30005AC8D8 /* AppDelegate.swift in Sources */ = {isa = PBXBuildFile; fileRef = C7ADAD302691DE30005AC8D8 /* AppDelegate.swift */; };
		C7ADAD332691DE30005AC8D8 /* SceneDelegate.swift in Sources */ = {isa = PBXBuildFile; fileRef = C7ADAD322691DE30005AC8D8 /* SceneDelegate.swift */; };
		C7ADAD352691DE30005AC8D8 /* ContentView.swift in Sources */ = {isa = PBXBuildFile; fileRef = C7ADAD342691DE30005AC8D8 /* ContentView.swift */; };
		C7ADAD372691DE32005AC8D8 /* Assets.xcassets in Resources */ = {isa = PBXBuildFile; fileRef = C7ADAD362691DE32005AC8D8 /* Assets.xcassets */; };
		C7ADAD3A2691DE32005AC8D8 /* Preview Assets.xcassets in Resources */ = {isa = PBXBuildFile; fileRef = C7ADAD392691DE32005AC8D8 /* Preview Assets.xcassets */; };
		C7ADAD3D2691DE32005AC8D8 /* LaunchScreen.storyboard in Resources */ = {isa = PBXBuildFile; fileRef = C7ADAD3B2691DE32005AC8D8 /* LaunchScreen.storyboard */; };
		C7ADAD482691DE32005AC8D8 /* GoogleMapSwiftUITests.swift in Sources */ = {isa = PBXBuildFile; fileRef = C7ADAD472691DE32005AC8D8 /* GoogleMapSwiftUITests.swift */; };
		C7ADAD532691DE32005AC8D8 /* GoogleMapSwiftUIUITests.swift in Sources */ = {isa = PBXBuildFile; fileRef = C7ADAD522691DE32005AC8D8 /* GoogleMapSwiftUIUITests.swift */; };
		C7ADAD642691E294005AC8D8 /* APIKEY.plist in Resources */ = {isa = PBXBuildFile; fileRef = C7ADAD632691E294005AC8D8 /* APIKEY.plist */; };
		C7ADAD662691E618005AC8D8 /* _APIKEY.plist in Resources */ = {isa = PBXBuildFile; fileRef = C7ADAD652691E618005AC8D8 /* _APIKEY.plist */; };
		C7ADAD6B2691F09A005AC8D8 /* PlistReader.swift in Sources */ = {isa = PBXBuildFile; fileRef = C7ADAD6A2691F09A005AC8D8 /* PlistReader.swift */; };
		C7ADAD6E2691F1F2005AC8D8 /* GoogleMapView.swift in Sources */ = {isa = PBXBuildFile; fileRef = C7ADAD6C2691F1F2005AC8D8 /* GoogleMapView.swift */; };
		C7ADAD6F2691F1F2005AC8D8 /* MapViewController.swift in Sources */ = {isa = PBXBuildFile; fileRef = C7ADAD6D2691F1F2005AC8D8 /* MapViewController.swift */; };
		C7ADAD742691F245005AC8D8 /* MapView.swift in Sources */ = {isa = PBXBuildFile; fileRef = C7ADAD722691F245005AC8D8 /* MapView.swift */; };
		C7ADAD7626922AD1005AC8D8 /* GoogleService-Info.plist in Resources */ = {isa = PBXBuildFile; fileRef = C7ADAD7526922AD1005AC8D8 /* GoogleService-Info.plist */; };
		C7C8EC3726DA51EA0055F582 /* Defaults in Frameworks */ = {isa = PBXBuildFile; productRef = C7C8EC3626DA51EA0055F582 /* Defaults */; };
		C7C8EC3A26DA52410055F582 /* Defaults+Ex.swift in Sources */ = {isa = PBXBuildFile; fileRef = C7C8EC3926DA52410055F582 /* Defaults+Ex.swift */; };
		C7E12BFA26D7AE2C00FBFB73 /* CustomMapStyle.json in Resources */ = {isa = PBXBuildFile; fileRef = C7E12BF926D7AE2C00FBFB73 /* CustomMapStyle.json */; };
		C7E12BFC26D90B0200FBFB73 /* Place.swift in Sources */ = {isa = PBXBuildFile; fileRef = C7E12BFB26D90B0100FBFB73 /* Place.swift */; };
		C7E12C0A26D92C6800FBFB73 /* CustomMarkerView.swift in Sources */ = {isa = PBXBuildFile; fileRef = C7E12C0926D92C6800FBFB73 /* CustomMarkerView.swift */; };
		C7E12C0D26D92D1900FBFB73 /* Kingfisher in Frameworks */ = {isa = PBXBuildFile; productRef = C7E12C0C26D92D1900FBFB73 /* Kingfisher */; };
/* End PBXBuildFile section */

/* Begin PBXContainerItemProxy section */
		C7ADAD442691DE32005AC8D8 /* PBXContainerItemProxy */ = {
			isa = PBXContainerItemProxy;
			containerPortal = C7ADAD252691DE30005AC8D8 /* Project object */;
			proxyType = 1;
			remoteGlobalIDString = C7ADAD2C2691DE30005AC8D8;
			remoteInfo = GoogleMapSwiftUI;
		};
		C7ADAD4F2691DE32005AC8D8 /* PBXContainerItemProxy */ = {
			isa = PBXContainerItemProxy;
			containerPortal = C7ADAD252691DE30005AC8D8 /* Project object */;
			proxyType = 1;
			remoteGlobalIDString = C7ADAD2C2691DE30005AC8D8;
			remoteInfo = GoogleMapSwiftUI;
		};
/* End PBXContainerItemProxy section */

/* Begin PBXFileReference section */
		171EB324DC7620341457A865 /* Pods-GoogleMapSwiftUI-GoogleMapSwiftUIUITests.release.xcconfig */ = {isa = PBXFileReference; includeInIndex = 1; lastKnownFileType = text.xcconfig; name = "Pods-GoogleMapSwiftUI-GoogleMapSwiftUIUITests.release.xcconfig"; path = "Target Support Files/Pods-GoogleMapSwiftUI-GoogleMapSwiftUIUITests/Pods-GoogleMapSwiftUI-GoogleMapSwiftUIUITests.release.xcconfig"; sourceTree = "<group>"; };
		311A0D5530E7B9D79009F0DE /* Pods-GoogleMapSwiftUI.debug.xcconfig */ = {isa = PBXFileReference; includeInIndex = 1; lastKnownFileType = text.xcconfig; name = "Pods-GoogleMapSwiftUI.debug.xcconfig"; path = "Target Support Files/Pods-GoogleMapSwiftUI/Pods-GoogleMapSwiftUI.debug.xcconfig"; sourceTree = "<group>"; };
		4EB6FE8236FC779B179010CC /* Pods_GoogleMapSwiftUITests.framework */ = {isa = PBXFileReference; explicitFileType = wrapper.framework; includeInIndex = 0; path = Pods_GoogleMapSwiftUITests.framework; sourceTree = BUILT_PRODUCTS_DIR; };
		5761C0F48D009E25C27EE912 /* Pods_GoogleMapSwiftUI.framework */ = {isa = PBXFileReference; explicitFileType = wrapper.framework; includeInIndex = 0; path = Pods_GoogleMapSwiftUI.framework; sourceTree = BUILT_PRODUCTS_DIR; };
		579844CFC9F12A039D475CFC /* Pods-GoogleMapSwiftUI-GoogleMapSwiftUIUITests.debug.xcconfig */ = {isa = PBXFileReference; includeInIndex = 1; lastKnownFileType = text.xcconfig; name = "Pods-GoogleMapSwiftUI-GoogleMapSwiftUIUITests.debug.xcconfig"; path = "Target Support Files/Pods-GoogleMapSwiftUI-GoogleMapSwiftUIUITests/Pods-GoogleMapSwiftUI-GoogleMapSwiftUIUITests.debug.xcconfig"; sourceTree = "<group>"; };
		9823C3C4C37F89F23393CDB7 /* Pods-GoogleMapSwiftUITests.release.xcconfig */ = {isa = PBXFileReference; includeInIndex = 1; lastKnownFileType = text.xcconfig; name = "Pods-GoogleMapSwiftUITests.release.xcconfig"; path = "Target Support Files/Pods-GoogleMapSwiftUITests/Pods-GoogleMapSwiftUITests.release.xcconfig"; sourceTree = "<group>"; };
		C708732226DA9655003911DA /* ClusterItemDetailView.swift */ = {isa = PBXFileReference; lastKnownFileType = sourcecode.swift; path = ClusterItemDetailView.swift; sourceTree = "<group>"; };
		C708732526DC0E0B003911DA /* Screenshot1.png */ = {isa = PBXFileReference; lastKnownFileType = image.png; path = Screenshot1.png; sourceTree = "<group>"; };
		C708732626DC0E0B003911DA /* Screenshot4.png */ = {isa = PBXFileReference; lastKnownFileType = image.png; path = Screenshot4.png; sourceTree = "<group>"; };
		C708732726DC0E0C003911DA /* Screenshot2.png */ = {isa = PBXFileReference; lastKnownFileType = image.png; path = Screenshot2.png; sourceTree = "<group>"; };
		C708732826DC0E0C003911DA /* Screenshot5.png */ = {isa = PBXFileReference; lastKnownFileType = image.png; path = Screenshot5.png; sourceTree = "<group>"; };
		C708732926DC0E0C003911DA /* Screenshot3.png */ = {isa = PBXFileReference; lastKnownFileType = image.png; path = Screenshot3.png; sourceTree = "<group>"; };
		C731C72426D9929F00267D63 /* ClusterItemListView.swift */ = {isa = PBXFileReference; lastKnownFileType = sourcecode.swift; path = ClusterItemListView.swift; sourceTree = "<group>"; };
		C7ADAD2D2691DE30005AC8D8 /* GoogleMapSwiftUI.app */ = {isa = PBXFileReference; explicitFileType = wrapper.application; includeInIndex = 0; path = GoogleMapSwiftUI.app; sourceTree = BUILT_PRODUCTS_DIR; };
		C7ADAD302691DE30005AC8D8 /* AppDelegate.swift */ = {isa = PBXFileReference; lastKnownFileType = sourcecode.swift; path = AppDelegate.swift; sourceTree = "<group>"; };
		C7ADAD322691DE30005AC8D8 /* SceneDelegate.swift */ = {isa = PBXFileReference; lastKnownFileType = sourcecode.swift; path = SceneDelegate.swift; sourceTree = "<group>"; };
		C7ADAD342691DE30005AC8D8 /* ContentView.swift */ = {isa = PBXFileReference; lastKnownFileType = sourcecode.swift; path = ContentView.swift; sourceTree = "<group>"; };
		C7ADAD362691DE32005AC8D8 /* Assets.xcassets */ = {isa = PBXFileReference; lastKnownFileType = folder.assetcatalog; path = Assets.xcassets; sourceTree = "<group>"; };
		C7ADAD392691DE32005AC8D8 /* Preview Assets.xcassets */ = {isa = PBXFileReference; lastKnownFileType = folder.assetcatalog; path = "Preview Assets.xcassets"; sourceTree = "<group>"; };
		C7ADAD3C2691DE32005AC8D8 /* Base */ = {isa = PBXFileReference; lastKnownFileType = file.storyboard; name = Base; path = Base.lproj/LaunchScreen.storyboard; sourceTree = "<group>"; };
		C7ADAD3E2691DE32005AC8D8 /* Info.plist */ = {isa = PBXFileReference; lastKnownFileType = text.plist.xml; path = Info.plist; sourceTree = "<group>"; };
		C7ADAD432691DE32005AC8D8 /* GoogleMapSwiftUITests.xctest */ = {isa = PBXFileReference; explicitFileType = wrapper.cfbundle; includeInIndex = 0; path = GoogleMapSwiftUITests.xctest; sourceTree = BUILT_PRODUCTS_DIR; };
		C7ADAD472691DE32005AC8D8 /* GoogleMapSwiftUITests.swift */ = {isa = PBXFileReference; lastKnownFileType = sourcecode.swift; path = GoogleMapSwiftUITests.swift; sourceTree = "<group>"; };
		C7ADAD492691DE32005AC8D8 /* Info.plist */ = {isa = PBXFileReference; lastKnownFileType = text.plist.xml; path = Info.plist; sourceTree = "<group>"; };
		C7ADAD4E2691DE32005AC8D8 /* GoogleMapSwiftUIUITests.xctest */ = {isa = PBXFileReference; explicitFileType = wrapper.cfbundle; includeInIndex = 0; path = GoogleMapSwiftUIUITests.xctest; sourceTree = BUILT_PRODUCTS_DIR; };
		C7ADAD522691DE32005AC8D8 /* GoogleMapSwiftUIUITests.swift */ = {isa = PBXFileReference; lastKnownFileType = sourcecode.swift; path = GoogleMapSwiftUIUITests.swift; sourceTree = "<group>"; };
		C7ADAD542691DE32005AC8D8 /* Info.plist */ = {isa = PBXFileReference; lastKnownFileType = text.plist.xml; path = Info.plist; sourceTree = "<group>"; };
		C7ADAD632691E294005AC8D8 /* APIKEY.plist */ = {isa = PBXFileReference; lastKnownFileType = text.plist; path = APIKEY.plist; sourceTree = "<group>"; };
		C7ADAD652691E618005AC8D8 /* _APIKEY.plist */ = {isa = PBXFileReference; fileEncoding = 4; lastKnownFileType = text.plist.xml; path = _APIKEY.plist; sourceTree = "<group>"; };
		C7ADAD6A2691F09A005AC8D8 /* PlistReader.swift */ = {isa = PBXFileReference; lastKnownFileType = sourcecode.swift; path = PlistReader.swift; sourceTree = "<group>"; };
		C7ADAD6C2691F1F2005AC8D8 /* GoogleMapView.swift */ = {isa = PBXFileReference; fileEncoding = 4; lastKnownFileType = sourcecode.swift; path = GoogleMapView.swift; sourceTree = "<group>"; };
		C7ADAD6D2691F1F2005AC8D8 /* MapViewController.swift */ = {isa = PBXFileReference; fileEncoding = 4; lastKnownFileType = sourcecode.swift; path = MapViewController.swift; sourceTree = "<group>"; };
		C7ADAD722691F245005AC8D8 /* MapView.swift */ = {isa = PBXFileReference; fileEncoding = 4; lastKnownFileType = sourcecode.swift; path = MapView.swift; sourceTree = "<group>"; };
		C7ADAD7526922AD1005AC8D8 /* GoogleService-Info.plist */ = {isa = PBXFileReference; fileEncoding = 4; lastKnownFileType = text.plist.xml; path = "GoogleService-Info.plist"; sourceTree = "<group>"; };
		C7C8EC3926DA52410055F582 /* Defaults+Ex.swift */ = {isa = PBXFileReference; lastKnownFileType = sourcecode.swift; path = "Defaults+Ex.swift"; sourceTree = "<group>"; };
		C7E12BF926D7AE2C00FBFB73 /* CustomMapStyle.json */ = {isa = PBXFileReference; lastKnownFileType = text.json; path = CustomMapStyle.json; sourceTree = "<group>"; };
		C7E12BFB26D90B0100FBFB73 /* Place.swift */ = {isa = PBXFileReference; lastKnownFileType = sourcecode.swift; path = Place.swift; sourceTree = "<group>"; };
		C7E12C0926D92C6800FBFB73 /* CustomMarkerView.swift */ = {isa = PBXFileReference; lastKnownFileType = sourcecode.swift; path = CustomMarkerView.swift; sourceTree = "<group>"; };
		CA5DB318EBA56F2D5474CD62 /* Pods-GoogleMapSwiftUI.release.xcconfig */ = {isa = PBXFileReference; includeInIndex = 1; lastKnownFileType = text.xcconfig; name = "Pods-GoogleMapSwiftUI.release.xcconfig"; path = "Target Support Files/Pods-GoogleMapSwiftUI/Pods-GoogleMapSwiftUI.release.xcconfig"; sourceTree = "<group>"; };
		CB59FD94D907E37E9DB5C69D /* Pods-GoogleMapSwiftUITests.debug.xcconfig */ = {isa = PBXFileReference; includeInIndex = 1; lastKnownFileType = text.xcconfig; name = "Pods-GoogleMapSwiftUITests.debug.xcconfig"; path = "Target Support Files/Pods-GoogleMapSwiftUITests/Pods-GoogleMapSwiftUITests.debug.xcconfig"; sourceTree = "<group>"; };
		F899560143CCADC860C99D6A /* Pods_GoogleMapSwiftUI_GoogleMapSwiftUIUITests.framework */ = {isa = PBXFileReference; explicitFileType = wrapper.framework; includeInIndex = 0; path = Pods_GoogleMapSwiftUI_GoogleMapSwiftUIUITests.framework; sourceTree = BUILT_PRODUCTS_DIR; };
/* End PBXFileReference section */

/* Begin PBXFrameworksBuildPhase section */
		C7ADAD2A2691DE30005AC8D8 /* Frameworks */ = {
			isa = PBXFrameworksBuildPhase;
			buildActionMask = 2147483647;
			files = (
				C7C8EC3726DA51EA0055F582 /* Defaults in Frameworks */,
				C73C36A52694C592004831C0 /* FirebaseDatabase in Frameworks */,
				C73C36A92694C592004831C0 /* FirebaseFirestore in Frameworks */,
				735EB38CCB861FE3805021D1 /* Pods_GoogleMapSwiftUI.framework in Frameworks */,
				C73C36A72694C592004831C0 /* FirebaseStorage in Frameworks */,
				C7E12C0D26D92D1900FBFB73 /* Kingfisher in Frameworks */,
			);
			runOnlyForDeploymentPostprocessing = 0;
		};
		C7ADAD402691DE32005AC8D8 /* Frameworks */ = {
			isa = PBXFrameworksBuildPhase;
			buildActionMask = 2147483647;
			files = (
				7AF5A16934EE73D68FA2ECFE /* Pods_GoogleMapSwiftUITests.framework in Frameworks */,
			);
			runOnlyForDeploymentPostprocessing = 0;
		};
		C7ADAD4B2691DE32005AC8D8 /* Frameworks */ = {
			isa = PBXFrameworksBuildPhase;
			buildActionMask = 2147483647;
			files = (
				23CB3489F9428247EC2DF93F /* Pods_GoogleMapSwiftUI_GoogleMapSwiftUIUITests.framework in Frameworks */,
			);
			runOnlyForDeploymentPostprocessing = 0;
		};
/* End PBXFrameworksBuildPhase section */

/* Begin PBXGroup section */
		C708732426DC0DCF003911DA /* Picture */ = {
			isa = PBXGroup;
			children = (
				C708732526DC0E0B003911DA /* Screenshot1.png */,
				C708732926DC0E0C003911DA /* Screenshot3.png */,
				C708732826DC0E0C003911DA /* Screenshot5.png */,
				C708732626DC0E0B003911DA /* Screenshot4.png */,
				C708732726DC0E0C003911DA /* Screenshot2.png */,
			);
			path = Picture;
			sourceTree = "<group>";
		};
		C7ADAD242691DE30005AC8D8 = {
			isa = PBXGroup;
			children = (
				C708732426DC0DCF003911DA /* Picture */,
				C7ADAD2F2691DE30005AC8D8 /* GoogleMapSwiftUI */,
				C7ADAD462691DE32005AC8D8 /* GoogleMapSwiftUITests */,
				C7ADAD512691DE32005AC8D8 /* GoogleMapSwiftUIUITests */,
				C7ADAD2E2691DE30005AC8D8 /* Products */,
				F8614F75ECDC3238ACB0C8A4 /* Pods */,
				E329D36769955D35EEF5B19B /* Frameworks */,
			);
			sourceTree = "<group>";
		};
		C7ADAD2E2691DE30005AC8D8 /* Products */ = {
			isa = PBXGroup;
			children = (
				C7ADAD2D2691DE30005AC8D8 /* GoogleMapSwiftUI.app */,
				C7ADAD432691DE32005AC8D8 /* GoogleMapSwiftUITests.xctest */,
				C7ADAD4E2691DE32005AC8D8 /* GoogleMapSwiftUIUITests.xctest */,
			);
			name = Products;
			sourceTree = "<group>";
		};
		C7ADAD2F2691DE30005AC8D8 /* GoogleMapSwiftUI */ = {
			isa = PBXGroup;
			children = (
				C7C8EC3826DA51EF0055F582 /* Extension */,
				C7ADAD7526922AD1005AC8D8 /* GoogleService-Info.plist */,
				C7ADAD702691F217005AC8D8 /* Model */,
				C7ADAD692691EF0C005AC8D8 /* View */,
				C7ADAD682691EF05005AC8D8 /* Util */,
				C7ADAD652691E618005AC8D8 /* _APIKEY.plist */,
				C7ADAD672691EEF6005AC8D8 /* App */,
				C7ADAD342691DE30005AC8D8 /* ContentView.swift */,
				C7ADAD362691DE32005AC8D8 /* Assets.xcassets */,
				C7ADAD3B2691DE32005AC8D8 /* LaunchScreen.storyboard */,
				C7ADAD3E2691DE32005AC8D8 /* Info.plist */,
				C7ADAD382691DE32005AC8D8 /* Preview Content */,
				C7ADAD632691E294005AC8D8 /* APIKEY.plist */,
			);
			path = GoogleMapSwiftUI;
			sourceTree = "<group>";
		};
		C7ADAD382691DE32005AC8D8 /* Preview Content */ = {
			isa = PBXGroup;
			children = (
				C7ADAD392691DE32005AC8D8 /* Preview Assets.xcassets */,
			);
			path = "Preview Content";
			sourceTree = "<group>";
		};
		C7ADAD462691DE32005AC8D8 /* GoogleMapSwiftUITests */ = {
			isa = PBXGroup;
			children = (
				C7ADAD472691DE32005AC8D8 /* GoogleMapSwiftUITests.swift */,
				C7ADAD492691DE32005AC8D8 /* Info.plist */,
			);
			path = GoogleMapSwiftUITests;
			sourceTree = "<group>";
		};
		C7ADAD512691DE32005AC8D8 /* GoogleMapSwiftUIUITests */ = {
			isa = PBXGroup;
			children = (
				C7ADAD522691DE32005AC8D8 /* GoogleMapSwiftUIUITests.swift */,
				C7ADAD542691DE32005AC8D8 /* Info.plist */,
			);
			path = GoogleMapSwiftUIUITests;
			sourceTree = "<group>";
		};
		C7ADAD672691EEF6005AC8D8 /* App */ = {
			isa = PBXGroup;
			children = (
				C7ADAD302691DE30005AC8D8 /* AppDelegate.swift */,
				C7ADAD322691DE30005AC8D8 /* SceneDelegate.swift */,
			);
			path = App;
			sourceTree = "<group>";
		};
		C7ADAD682691EF05005AC8D8 /* Util */ = {
			isa = PBXGroup;
			children = (
				C7ADAD6A2691F09A005AC8D8 /* PlistReader.swift */,
				C7E12BF926D7AE2C00FBFB73 /* CustomMapStyle.json */,
			);
			path = Util;
			sourceTree = "<group>";
		};
		C7ADAD692691EF0C005AC8D8 /* View */ = {
			isa = PBXGroup;
			children = (
				C7ADAD722691F245005AC8D8 /* MapView.swift */,
				C7ADAD6D2691F1F2005AC8D8 /* MapViewController.swift */,
				C7ADAD6C2691F1F2005AC8D8 /* GoogleMapView.swift */,
				C7E12C0926D92C6800FBFB73 /* CustomMarkerView.swift */,
				C731C72426D9929F00267D63 /* ClusterItemListView.swift */,
				C708732226DA9655003911DA /* ClusterItemDetailView.swift */,
			);
			path = View;
			sourceTree = "<group>";
		};
		C7ADAD702691F217005AC8D8 /* Model */ = {
			isa = PBXGroup;
			children = (
				C7E12BFB26D90B0100FBFB73 /* Place.swift */,
			);
			path = Model;
			sourceTree = "<group>";
		};
		C7C8EC3826DA51EF0055F582 /* Extension */ = {
			isa = PBXGroup;
			children = (
				C7C8EC3926DA52410055F582 /* Defaults+Ex.swift */,
			);
			path = Extension;
			sourceTree = "<group>";
		};
		E329D36769955D35EEF5B19B /* Frameworks */ = {
			isa = PBXGroup;
			children = (
				5761C0F48D009E25C27EE912 /* Pods_GoogleMapSwiftUI.framework */,
				F899560143CCADC860C99D6A /* Pods_GoogleMapSwiftUI_GoogleMapSwiftUIUITests.framework */,
				4EB6FE8236FC779B179010CC /* Pods_GoogleMapSwiftUITests.framework */,
			);
			name = Frameworks;
			sourceTree = "<group>";
		};
		F8614F75ECDC3238ACB0C8A4 /* Pods */ = {
			isa = PBXGroup;
			children = (
				311A0D5530E7B9D79009F0DE /* Pods-GoogleMapSwiftUI.debug.xcconfig */,
				CA5DB318EBA56F2D5474CD62 /* Pods-GoogleMapSwiftUI.release.xcconfig */,
				579844CFC9F12A039D475CFC /* Pods-GoogleMapSwiftUI-GoogleMapSwiftUIUITests.debug.xcconfig */,
				171EB324DC7620341457A865 /* Pods-GoogleMapSwiftUI-GoogleMapSwiftUIUITests.release.xcconfig */,
				CB59FD94D907E37E9DB5C69D /* Pods-GoogleMapSwiftUITests.debug.xcconfig */,
				9823C3C4C37F89F23393CDB7 /* Pods-GoogleMapSwiftUITests.release.xcconfig */,
			);
			path = Pods;
			sourceTree = "<group>";
		};
/* End PBXGroup section */

/* Begin PBXNativeTarget section */
		C7ADAD2C2691DE30005AC8D8 /* GoogleMapSwiftUI */ = {
			isa = PBXNativeTarget;
			buildConfigurationList = C7ADAD572691DE32005AC8D8 /* Build configuration list for PBXNativeTarget "GoogleMapSwiftUI" */;
			buildPhases = (
				9E8983B00F7D29D2DF835DCD /* [CP] Check Pods Manifest.lock */,
				C7ADAD292691DE30005AC8D8 /* Sources */,
				C7ADAD2A2691DE30005AC8D8 /* Frameworks */,
				C7ADAD2B2691DE30005AC8D8 /* Resources */,
				D43D32F827C64F9925998221 /* [CP] Copy Pods Resources */,
			);
			buildRules = (
			);
			dependencies = (
			);
			name = GoogleMapSwiftUI;
			packageProductDependencies = (
				C73C36A42694C592004831C0 /* FirebaseDatabase */,
				C73C36A62694C592004831C0 /* FirebaseStorage */,
				C73C36A82694C592004831C0 /* FirebaseFirestore */,
				C7E12C0C26D92D1900FBFB73 /* Kingfisher */,
				C7C8EC3626DA51EA0055F582 /* Defaults */,
			);
			productName = GoogleMapSwiftUI;
			productReference = C7ADAD2D2691DE30005AC8D8 /* GoogleMapSwiftUI.app */;
			productType = "com.apple.product-type.application";
		};
		C7ADAD422691DE32005AC8D8 /* GoogleMapSwiftUITests */ = {
			isa = PBXNativeTarget;
			buildConfigurationList = C7ADAD5A2691DE32005AC8D8 /* Build configuration list for PBXNativeTarget "GoogleMapSwiftUITests" */;
			buildPhases = (
				1AF9E43AA9C42D03FF8AF464 /* [CP] Check Pods Manifest.lock */,
				C7ADAD3F2691DE32005AC8D8 /* Sources */,
				C7ADAD402691DE32005AC8D8 /* Frameworks */,
				C7ADAD412691DE32005AC8D8 /* Resources */,
			);
			buildRules = (
			);
			dependencies = (
				C7ADAD452691DE32005AC8D8 /* PBXTargetDependency */,
			);
			name = GoogleMapSwiftUITests;
			productName = GoogleMapSwiftUITests;
			productReference = C7ADAD432691DE32005AC8D8 /* GoogleMapSwiftUITests.xctest */;
			productType = "com.apple.product-type.bundle.unit-test";
		};
		C7ADAD4D2691DE32005AC8D8 /* GoogleMapSwiftUIUITests */ = {
			isa = PBXNativeTarget;
			buildConfigurationList = C7ADAD5D2691DE32005AC8D8 /* Build configuration list for PBXNativeTarget "GoogleMapSwiftUIUITests" */;
			buildPhases = (
				AD68BDEC8F3543D26C05F1AC /* [CP] Check Pods Manifest.lock */,
				C7ADAD4A2691DE32005AC8D8 /* Sources */,
				C7ADAD4B2691DE32005AC8D8 /* Frameworks */,
				C7ADAD4C2691DE32005AC8D8 /* Resources */,
				484EB23925BB129A0EECA641 /* [CP] Copy Pods Resources */,
			);
			buildRules = (
			);
			dependencies = (
				C7ADAD502691DE32005AC8D8 /* PBXTargetDependency */,
			);
			name = GoogleMapSwiftUIUITests;
			productName = GoogleMapSwiftUIUITests;
			productReference = C7ADAD4E2691DE32005AC8D8 /* GoogleMapSwiftUIUITests.xctest */;
			productType = "com.apple.product-type.bundle.ui-testing";
		};
/* End PBXNativeTarget section */

/* Begin PBXProject section */
		C7ADAD252691DE30005AC8D8 /* Project object */ = {
			isa = PBXProject;
			attributes = {
				LastSwiftUpdateCheck = 1250;
				LastUpgradeCheck = 1250;
				TargetAttributes = {
					C7ADAD2C2691DE30005AC8D8 = {
						CreatedOnToolsVersion = 12.5.1;
					};
					C7ADAD422691DE32005AC8D8 = {
						CreatedOnToolsVersion = 12.5.1;
						TestTargetID = C7ADAD2C2691DE30005AC8D8;
					};
					C7ADAD4D2691DE32005AC8D8 = {
						CreatedOnToolsVersion = 12.5.1;
						TestTargetID = C7ADAD2C2691DE30005AC8D8;
					};
				};
			};
			buildConfigurationList = C7ADAD282691DE30005AC8D8 /* Build configuration list for PBXProject "GoogleMapSwiftUI" */;
			compatibilityVersion = "Xcode 9.3";
			developmentRegion = en;
			hasScannedForEncodings = 0;
			knownRegions = (
				en,
				Base,
			);
			mainGroup = C7ADAD242691DE30005AC8D8;
			packageReferences = (
				C73C36A32694C592004831C0 /* XCRemoteSwiftPackageReference "firebase-ios-sdk" */,
				C7E12C0B26D92D1900FBFB73 /* XCRemoteSwiftPackageReference "Kingfisher" */,
				C7C8EC3526DA51EA0055F582 /* XCRemoteSwiftPackageReference "Defaults" */,
			);
			productRefGroup = C7ADAD2E2691DE30005AC8D8 /* Products */;
			projectDirPath = "";
			projectRoot = "";
			targets = (
				C7ADAD2C2691DE30005AC8D8 /* GoogleMapSwiftUI */,
				C7ADAD422691DE32005AC8D8 /* GoogleMapSwiftUITests */,
				C7ADAD4D2691DE32005AC8D8 /* GoogleMapSwiftUIUITests */,
			);
		};
/* End PBXProject section */

/* Begin PBXResourcesBuildPhase section */
		C7ADAD2B2691DE30005AC8D8 /* Resources */ = {
			isa = PBXResourcesBuildPhase;
			buildActionMask = 2147483647;
			files = (
				C7ADAD3D2691DE32005AC8D8 /* LaunchScreen.storyboard in Resources */,
				C708732D26DC0E0C003911DA /* Screenshot5.png in Resources */,
				C7E12BFA26D7AE2C00FBFB73 /* CustomMapStyle.json in Resources */,
				C7ADAD662691E618005AC8D8 /* _APIKEY.plist in Resources */,
				C708732A26DC0E0C003911DA /* Screenshot1.png in Resources */,
				C7ADAD642691E294005AC8D8 /* APIKEY.plist in Resources */,
				C7ADAD3A2691DE32005AC8D8 /* Preview Assets.xcassets in Resources */,
				C708732B26DC0E0C003911DA /* Screenshot4.png in Resources */,
				C7ADAD372691DE32005AC8D8 /* Assets.xcassets in Resources */,
				C7ADAD7626922AD1005AC8D8 /* GoogleService-Info.plist in Resources */,
				C708732C26DC0E0C003911DA /* Screenshot2.png in Resources */,
				C708732E26DC0E0C003911DA /* Screenshot3.png in Resources */,
			);
			runOnlyForDeploymentPostprocessing = 0;
		};
		C7ADAD412691DE32005AC8D8 /* Resources */ = {
			isa = PBXResourcesBuildPhase;
			buildActionMask = 2147483647;
			files = (
			);
			runOnlyForDeploymentPostprocessing = 0;
		};
		C7ADAD4C2691DE32005AC8D8 /* Resources */ = {
			isa = PBXResourcesBuildPhase;
			buildActionMask = 2147483647;
			files = (
			);
			runOnlyForDeploymentPostprocessing = 0;
		};
/* End PBXResourcesBuildPhase section */

/* Begin PBXShellScriptBuildPhase section */
		1AF9E43AA9C42D03FF8AF464 /* [CP] Check Pods Manifest.lock */ = {
			isa = PBXShellScriptBuildPhase;
			buildActionMask = 2147483647;
			files = (
			);
			inputFileListPaths = (
			);
			inputPaths = (
				"${PODS_PODFILE_DIR_PATH}/Podfile.lock",
				"${PODS_ROOT}/Manifest.lock",
			);
			name = "[CP] Check Pods Manifest.lock";
			outputFileListPaths = (
			);
			outputPaths = (
				"$(DERIVED_FILE_DIR)/Pods-GoogleMapSwiftUITests-checkManifestLockResult.txt",
			);
			runOnlyForDeploymentPostprocessing = 0;
			shellPath = /bin/sh;
			shellScript = "diff \"${PODS_PODFILE_DIR_PATH}/Podfile.lock\" \"${PODS_ROOT}/Manifest.lock\" > /dev/null\nif [ $? != 0 ] ; then\n    # print error to STDERR\n    echo \"error: The sandbox is not in sync with the Podfile.lock. Run 'pod install' or update your CocoaPods installation.\" >&2\n    exit 1\nfi\n# This output is used by Xcode 'outputs' to avoid re-running this script phase.\necho \"SUCCESS\" > \"${SCRIPT_OUTPUT_FILE_0}\"\n";
			showEnvVarsInLog = 0;
		};
		484EB23925BB129A0EECA641 /* [CP] Copy Pods Resources */ = {
			isa = PBXShellScriptBuildPhase;
			buildActionMask = 2147483647;
			files = (
			);
			inputFileListPaths = (
				"${PODS_ROOT}/Target Support Files/Pods-GoogleMapSwiftUI-GoogleMapSwiftUIUITests/Pods-GoogleMapSwiftUI-GoogleMapSwiftUIUITests-resources-${CONFIGURATION}-input-files.xcfilelist",
			);
			name = "[CP] Copy Pods Resources";
			outputFileListPaths = (
				"${PODS_ROOT}/Target Support Files/Pods-GoogleMapSwiftUI-GoogleMapSwiftUIUITests/Pods-GoogleMapSwiftUI-GoogleMapSwiftUIUITests-resources-${CONFIGURATION}-output-files.xcfilelist",
			);
			runOnlyForDeploymentPostprocessing = 0;
			shellPath = /bin/sh;
			shellScript = "\"${PODS_ROOT}/Target Support Files/Pods-GoogleMapSwiftUI-GoogleMapSwiftUIUITests/Pods-GoogleMapSwiftUI-GoogleMapSwiftUIUITests-resources.sh\"\n";
			showEnvVarsInLog = 0;
		};
		9E8983B00F7D29D2DF835DCD /* [CP] Check Pods Manifest.lock */ = {
			isa = PBXShellScriptBuildPhase;
			buildActionMask = 2147483647;
			files = (
			);
			inputFileListPaths = (
			);
			inputPaths = (
				"${PODS_PODFILE_DIR_PATH}/Podfile.lock",
				"${PODS_ROOT}/Manifest.lock",
			);
			name = "[CP] Check Pods Manifest.lock";
			outputFileListPaths = (
			);
			outputPaths = (
				"$(DERIVED_FILE_DIR)/Pods-GoogleMapSwiftUI-checkManifestLockResult.txt",
			);
			runOnlyForDeploymentPostprocessing = 0;
			shellPath = /bin/sh;
			shellScript = "diff \"${PODS_PODFILE_DIR_PATH}/Podfile.lock\" \"${PODS_ROOT}/Manifest.lock\" > /dev/null\nif [ $? != 0 ] ; then\n    # print error to STDERR\n    echo \"error: The sandbox is not in sync with the Podfile.lock. Run 'pod install' or update your CocoaPods installation.\" >&2\n    exit 1\nfi\n# This output is used by Xcode 'outputs' to avoid re-running this script phase.\necho \"SUCCESS\" > \"${SCRIPT_OUTPUT_FILE_0}\"\n";
			showEnvVarsInLog = 0;
		};
		AD68BDEC8F3543D26C05F1AC /* [CP] Check Pods Manifest.lock */ = {
			isa = PBXShellScriptBuildPhase;
			buildActionMask = 2147483647;
			files = (
			);
			inputFileListPaths = (
			);
			inputPaths = (
				"${PODS_PODFILE_DIR_PATH}/Podfile.lock",
				"${PODS_ROOT}/Manifest.lock",
			);
			name = "[CP] Check Pods Manifest.lock";
			outputFileListPaths = (
			);
			outputPaths = (
				"$(DERIVED_FILE_DIR)/Pods-GoogleMapSwiftUI-GoogleMapSwiftUIUITests-checkManifestLockResult.txt",
			);
			runOnlyForDeploymentPostprocessing = 0;
			shellPath = /bin/sh;
			shellScript = "diff \"${PODS_PODFILE_DIR_PATH}/Podfile.lock\" \"${PODS_ROOT}/Manifest.lock\" > /dev/null\nif [ $? != 0 ] ; then\n    # print error to STDERR\n    echo \"error: The sandbox is not in sync with the Podfile.lock. Run 'pod install' or update your CocoaPods installation.\" >&2\n    exit 1\nfi\n# This output is used by Xcode 'outputs' to avoid re-running this script phase.\necho \"SUCCESS\" > \"${SCRIPT_OUTPUT_FILE_0}\"\n";
			showEnvVarsInLog = 0;
		};
		D43D32F827C64F9925998221 /* [CP] Copy Pods Resources */ = {
			isa = PBXShellScriptBuildPhase;
			buildActionMask = 2147483647;
			files = (
			);
			inputFileListPaths = (
				"${PODS_ROOT}/Target Support Files/Pods-GoogleMapSwiftUI/Pods-GoogleMapSwiftUI-resources-${CONFIGURATION}-input-files.xcfilelist",
			);
			name = "[CP] Copy Pods Resources";
			outputFileListPaths = (
				"${PODS_ROOT}/Target Support Files/Pods-GoogleMapSwiftUI/Pods-GoogleMapSwiftUI-resources-${CONFIGURATION}-output-files.xcfilelist",
			);
			runOnlyForDeploymentPostprocessing = 0;
			shellPath = /bin/sh;
			shellScript = "\"${PODS_ROOT}/Target Support Files/Pods-GoogleMapSwiftUI/Pods-GoogleMapSwiftUI-resources.sh\"\n";
			showEnvVarsInLog = 0;
		};
/* End PBXShellScriptBuildPhase section */

/* Begin PBXSourcesBuildPhase section */
		C7ADAD292691DE30005AC8D8 /* Sources */ = {
			isa = PBXSourcesBuildPhase;
			buildActionMask = 2147483647;
			files = (
				C708732326DA9655003911DA /* ClusterItemDetailView.swift in Sources */,
				C7ADAD312691DE30005AC8D8 /* AppDelegate.swift in Sources */,
				C7ADAD6F2691F1F2005AC8D8 /* MapViewController.swift in Sources */,
				C7ADAD742691F245005AC8D8 /* MapView.swift in Sources */,
				C7ADAD332691DE30005AC8D8 /* SceneDelegate.swift in Sources */,
				C7ADAD6E2691F1F2005AC8D8 /* GoogleMapView.swift in Sources */,
				C7ADAD352691DE30005AC8D8 /* ContentView.swift in Sources */,
				C7C8EC3A26DA52410055F582 /* Defaults+Ex.swift in Sources */,
				C7E12BFC26D90B0200FBFB73 /* Place.swift in Sources */,
				C7E12C0A26D92C6800FBFB73 /* CustomMarkerView.swift in Sources */,
				C731C72526D9929F00267D63 /* ClusterItemListView.swift in Sources */,
				C7ADAD6B2691F09A005AC8D8 /* PlistReader.swift in Sources */,
			);
			runOnlyForDeploymentPostprocessing = 0;
		};
		C7ADAD3F2691DE32005AC8D8 /* Sources */ = {
			isa = PBXSourcesBuildPhase;
			buildActionMask = 2147483647;
			files = (
				C7ADAD482691DE32005AC8D8 /* GoogleMapSwiftUITests.swift in Sources */,
			);
			runOnlyForDeploymentPostprocessing = 0;
		};
		C7ADAD4A2691DE32005AC8D8 /* Sources */ = {
			isa = PBXSourcesBuildPhase;
			buildActionMask = 2147483647;
			files = (
				C7ADAD532691DE32005AC8D8 /* GoogleMapSwiftUIUITests.swift in Sources */,
			);
			runOnlyForDeploymentPostprocessing = 0;
		};
/* End PBXSourcesBuildPhase section */

/* Begin PBXTargetDependency section */
		C7ADAD452691DE32005AC8D8 /* PBXTargetDependency */ = {
			isa = PBXTargetDependency;
			target = C7ADAD2C2691DE30005AC8D8 /* GoogleMapSwiftUI */;
			targetProxy = C7ADAD442691DE32005AC8D8 /* PBXContainerItemProxy */;
		};
		C7ADAD502691DE32005AC8D8 /* PBXTargetDependency */ = {
			isa = PBXTargetDependency;
			target = C7ADAD2C2691DE30005AC8D8 /* GoogleMapSwiftUI */;
			targetProxy = C7ADAD4F2691DE32005AC8D8 /* PBXContainerItemProxy */;
		};
/* End PBXTargetDependency section */

/* Begin PBXVariantGroup section */
		C7ADAD3B2691DE32005AC8D8 /* LaunchScreen.storyboard */ = {
			isa = PBXVariantGroup;
			children = (
				C7ADAD3C2691DE32005AC8D8 /* Base */,
			);
			name = LaunchScreen.storyboard;
			sourceTree = "<group>";
		};
/* End PBXVariantGroup section */

/* Begin XCBuildConfiguration section */
		C7ADAD552691DE32005AC8D8 /* Debug */ = {
			isa = XCBuildConfiguration;
			buildSettings = {
				ALWAYS_SEARCH_USER_PATHS = NO;
				CLANG_ANALYZER_NONNULL = YES;
				CLANG_ANALYZER_NUMBER_OBJECT_CONVERSION = YES_AGGRESSIVE;
				CLANG_CXX_LANGUAGE_STANDARD = "gnu++14";
				CLANG_CXX_LIBRARY = "libc++";
				CLANG_ENABLE_MODULES = YES;
				CLANG_ENABLE_OBJC_ARC = YES;
				CLANG_ENABLE_OBJC_WEAK = YES;
				CLANG_WARN_BLOCK_CAPTURE_AUTORELEASING = YES;
				CLANG_WARN_BOOL_CONVERSION = YES;
				CLANG_WARN_COMMA = YES;
				CLANG_WARN_CONSTANT_CONVERSION = YES;
				CLANG_WARN_DEPRECATED_OBJC_IMPLEMENTATIONS = YES;
				CLANG_WARN_DIRECT_OBJC_ISA_USAGE = YES_ERROR;
				CLANG_WARN_DOCUMENTATION_COMMENTS = YES;
				CLANG_WARN_EMPTY_BODY = YES;
				CLANG_WARN_ENUM_CONVERSION = YES;
				CLANG_WARN_INFINITE_RECURSION = YES;
				CLANG_WARN_INT_CONVERSION = YES;
				CLANG_WARN_NON_LITERAL_NULL_CONVERSION = YES;
				CLANG_WARN_OBJC_IMPLICIT_RETAIN_SELF = YES;
				CLANG_WARN_OBJC_LITERAL_CONVERSION = YES;
				CLANG_WARN_OBJC_ROOT_CLASS = YES_ERROR;
				CLANG_WARN_QUOTED_INCLUDE_IN_FRAMEWORK_HEADER = YES;
				CLANG_WARN_RANGE_LOOP_ANALYSIS = YES;
				CLANG_WARN_STRICT_PROTOTYPES = YES;
				CLANG_WARN_SUSPICIOUS_MOVE = YES;
				CLANG_WARN_UNGUARDED_AVAILABILITY = YES_AGGRESSIVE;
				CLANG_WARN_UNREACHABLE_CODE = YES;
				CLANG_WARN__DUPLICATE_METHOD_MATCH = YES;
				COPY_PHASE_STRIP = NO;
				DEBUG_INFORMATION_FORMAT = dwarf;
				ENABLE_STRICT_OBJC_MSGSEND = YES;
				ENABLE_TESTABILITY = YES;
				GCC_C_LANGUAGE_STANDARD = gnu11;
				GCC_DYNAMIC_NO_PIC = NO;
				GCC_NO_COMMON_BLOCKS = YES;
				GCC_OPTIMIZATION_LEVEL = 0;
				GCC_PREPROCESSOR_DEFINITIONS = (
					"DEBUG=1",
					"$(inherited)",
				);
				GCC_WARN_64_TO_32_BIT_CONVERSION = YES;
				GCC_WARN_ABOUT_RETURN_TYPE = YES_ERROR;
				GCC_WARN_UNDECLARED_SELECTOR = YES;
				GCC_WARN_UNINITIALIZED_AUTOS = YES_AGGRESSIVE;
				GCC_WARN_UNUSED_FUNCTION = YES;
				GCC_WARN_UNUSED_VARIABLE = YES;
				IPHONEOS_DEPLOYMENT_TARGET = 14.5;
				MTL_ENABLE_DEBUG_INFO = INCLUDE_SOURCE;
				MTL_FAST_MATH = YES;
				ONLY_ACTIVE_ARCH = YES;
				SDKROOT = iphoneos;
				SWIFT_ACTIVE_COMPILATION_CONDITIONS = DEBUG;
				SWIFT_OPTIMIZATION_LEVEL = "-Onone";
			};
			name = Debug;
		};
		C7ADAD562691DE32005AC8D8 /* Release */ = {
			isa = XCBuildConfiguration;
			buildSettings = {
				ALWAYS_SEARCH_USER_PATHS = NO;
				CLANG_ANALYZER_NONNULL = YES;
				CLANG_ANALYZER_NUMBER_OBJECT_CONVERSION = YES_AGGRESSIVE;
				CLANG_CXX_LANGUAGE_STANDARD = "gnu++14";
				CLANG_CXX_LIBRARY = "libc++";
				CLANG_ENABLE_MODULES = YES;
				CLANG_ENABLE_OBJC_ARC = YES;
				CLANG_ENABLE_OBJC_WEAK = YES;
				CLANG_WARN_BLOCK_CAPTURE_AUTORELEASING = YES;
				CLANG_WARN_BOOL_CONVERSION = YES;
				CLANG_WARN_COMMA = YES;
				CLANG_WARN_CONSTANT_CONVERSION = YES;
				CLANG_WARN_DEPRECATED_OBJC_IMPLEMENTATIONS = YES;
				CLANG_WARN_DIRECT_OBJC_ISA_USAGE = YES_ERROR;
				CLANG_WARN_DOCUMENTATION_COMMENTS = YES;
				CLANG_WARN_EMPTY_BODY = YES;
				CLANG_WARN_ENUM_CONVERSION = YES;
				CLANG_WARN_INFINITE_RECURSION = YES;
				CLANG_WARN_INT_CONVERSION = YES;
				CLANG_WARN_NON_LITERAL_NULL_CONVERSION = YES;
				CLANG_WARN_OBJC_IMPLICIT_RETAIN_SELF = YES;
				CLANG_WARN_OBJC_LITERAL_CONVERSION = YES;
				CLANG_WARN_OBJC_ROOT_CLASS = YES_ERROR;
				CLANG_WARN_QUOTED_INCLUDE_IN_FRAMEWORK_HEADER = YES;
				CLANG_WARN_RANGE_LOOP_ANALYSIS = YES;
				CLANG_WARN_STRICT_PROTOTYPES = YES;
				CLANG_WARN_SUSPICIOUS_MOVE = YES;
				CLANG_WARN_UNGUARDED_AVAILABILITY = YES_AGGRESSIVE;
				CLANG_WARN_UNREACHABLE_CODE = YES;
				CLANG_WARN__DUPLICATE_METHOD_MATCH = YES;
				COPY_PHASE_STRIP = NO;
				DEBUG_INFORMATION_FORMAT = "dwarf-with-dsym";
				ENABLE_NS_ASSERTIONS = NO;
				ENABLE_STRICT_OBJC_MSGSEND = YES;
				GCC_C_LANGUAGE_STANDARD = gnu11;
				GCC_NO_COMMON_BLOCKS = YES;
				GCC_WARN_64_TO_32_BIT_CONVERSION = YES;
				GCC_WARN_ABOUT_RETURN_TYPE = YES_ERROR;
				GCC_WARN_UNDECLARED_SELECTOR = YES;
				GCC_WARN_UNINITIALIZED_AUTOS = YES_AGGRESSIVE;
				GCC_WARN_UNUSED_FUNCTION = YES;
				GCC_WARN_UNUSED_VARIABLE = YES;
				IPHONEOS_DEPLOYMENT_TARGET = 14.5;
				MTL_ENABLE_DEBUG_INFO = NO;
				MTL_FAST_MATH = YES;
				SDKROOT = iphoneos;
				SWIFT_COMPILATION_MODE = wholemodule;
				SWIFT_OPTIMIZATION_LEVEL = "-O";
				VALIDATE_PRODUCT = YES;
			};
			name = Release;
		};
		C7ADAD582691DE32005AC8D8 /* Debug */ = {
			isa = XCBuildConfiguration;
			baseConfigurationReference = 311A0D5530E7B9D79009F0DE /* Pods-GoogleMapSwiftUI.debug.xcconfig */;
			buildSettings = {
				ASSETCATALOG_COMPILER_APPICON_NAME = AppIcon;
				ASSETCATALOG_COMPILER_GLOBAL_ACCENT_COLOR_NAME = AccentColor;
				CODE_SIGN_STYLE = Automatic;
				DEVELOPMENT_ASSET_PATHS = "\"GoogleMapSwiftUI/Preview Content\"";
				DEVELOPMENT_TEAM = J4SV74FUBV;
				ENABLE_PREVIEWS = YES;
				INFOPLIST_FILE = GoogleMapSwiftUI/Info.plist;
				IPHONEOS_DEPLOYMENT_TARGET = 13.0;
				LD_RUNPATH_SEARCH_PATHS = (
					"$(inherited)",
					"@executable_path/Frameworks",
				);
				PRODUCT_BUNDLE_IDENTIFIER = snnafi.GoogleMapSwiftUI;
				PRODUCT_NAME = "$(TARGET_NAME)";
				SWIFT_VERSION = 5.0;
				TARGETED_DEVICE_FAMILY = "1,2";
			};
			name = Debug;
		};
		C7ADAD592691DE32005AC8D8 /* Release */ = {
			isa = XCBuildConfiguration;
			baseConfigurationReference = CA5DB318EBA56F2D5474CD62 /* Pods-GoogleMapSwiftUI.release.xcconfig */;
			buildSettings = {
				ASSETCATALOG_COMPILER_APPICON_NAME = AppIcon;
				ASSETCATALOG_COMPILER_GLOBAL_ACCENT_COLOR_NAME = AccentColor;
				CODE_SIGN_STYLE = Automatic;
				DEVELOPMENT_ASSET_PATHS = "\"GoogleMapSwiftUI/Preview Content\"";
				DEVELOPMENT_TEAM = J4SV74FUBV;
				ENABLE_PREVIEWS = YES;
				INFOPLIST_FILE = GoogleMapSwiftUI/Info.plist;
				IPHONEOS_DEPLOYMENT_TARGET = 13.0;
				LD_RUNPATH_SEARCH_PATHS = (
					"$(inherited)",
					"@executable_path/Frameworks",
				);
				PRODUCT_BUNDLE_IDENTIFIER = snnafi.GoogleMapSwiftUI;
				PRODUCT_NAME = "$(TARGET_NAME)";
				SWIFT_VERSION = 5.0;
				TARGETED_DEVICE_FAMILY = "1,2";
			};
			name = Release;
		};
		C7ADAD5B2691DE32005AC8D8 /* Debug */ = {
			isa = XCBuildConfiguration;
			baseConfigurationReference = CB59FD94D907E37E9DB5C69D /* Pods-GoogleMapSwiftUITests.debug.xcconfig */;
			buildSettings = {
				ALWAYS_EMBED_SWIFT_STANDARD_LIBRARIES = YES;
				BUNDLE_LOADER = "$(TEST_HOST)";
				CODE_SIGN_STYLE = Automatic;
				DEVELOPMENT_TEAM = LZD5N478Y9;
				INFOPLIST_FILE = GoogleMapSwiftUITests/Info.plist;
				IPHONEOS_DEPLOYMENT_TARGET = 14.5;
				LD_RUNPATH_SEARCH_PATHS = (
					"$(inherited)",
					"@executable_path/Frameworks",
					"@loader_path/Frameworks",
				);
				PRODUCT_BUNDLE_IDENTIFIER = "SNN-Systems.GoogleMapSwiftUITests";
				PRODUCT_NAME = "$(TARGET_NAME)";
				SWIFT_VERSION = 5.0;
				TARGETED_DEVICE_FAMILY = "1,2";
				TEST_HOST = "$(BUILT_PRODUCTS_DIR)/GoogleMapSwiftUI.app/GoogleMapSwiftUI";
			};
			name = Debug;
		};
		C7ADAD5C2691DE32005AC8D8 /* Release */ = {
			isa = XCBuildConfiguration;
			baseConfigurationReference = 9823C3C4C37F89F23393CDB7 /* Pods-GoogleMapSwiftUITests.release.xcconfig */;
			buildSettings = {
				ALWAYS_EMBED_SWIFT_STANDARD_LIBRARIES = YES;
				BUNDLE_LOADER = "$(TEST_HOST)";
				CODE_SIGN_STYLE = Automatic;
				DEVELOPMENT_TEAM = LZD5N478Y9;
				INFOPLIST_FILE = GoogleMapSwiftUITests/Info.plist;
				IPHONEOS_DEPLOYMENT_TARGET = 14.5;
				LD_RUNPATH_SEARCH_PATHS = (
					"$(inherited)",
					"@executable_path/Frameworks",
					"@loader_path/Frameworks",
				);
				PRODUCT_BUNDLE_IDENTIFIER = "SNN-Systems.GoogleMapSwiftUITests";
				PRODUCT_NAME = "$(TARGET_NAME)";
				SWIFT_VERSION = 5.0;
				TARGETED_DEVICE_FAMILY = "1,2";
				TEST_HOST = "$(BUILT_PRODUCTS_DIR)/GoogleMapSwiftUI.app/GoogleMapSwiftUI";
			};
			name = Release;
		};
		C7ADAD5E2691DE32005AC8D8 /* Debug */ = {
			isa = XCBuildConfiguration;
			baseConfigurationReference = 579844CFC9F12A039D475CFC /* Pods-GoogleMapSwiftUI-GoogleMapSwiftUIUITests.debug.xcconfig */;
			buildSettings = {
				ALWAYS_EMBED_SWIFT_STANDARD_LIBRARIES = YES;
				CODE_SIGN_STYLE = Automatic;
				DEVELOPMENT_TEAM = LZD5N478Y9;
				INFOPLIST_FILE = GoogleMapSwiftUIUITests/Info.plist;
				LD_RUNPATH_SEARCH_PATHS = (
					"$(inherited)",
					"@executable_path/Frameworks",
					"@loader_path/Frameworks",
				);
				PRODUCT_BUNDLE_IDENTIFIER = "SNN-Systems.GoogleMapSwiftUIUITests";
				PRODUCT_NAME = "$(TARGET_NAME)";
				SWIFT_VERSION = 5.0;
				TARGETED_DEVICE_FAMILY = "1,2";
				TEST_TARGET_NAME = GoogleMapSwiftUI;
			};
			name = Debug;
		};
		C7ADAD5F2691DE32005AC8D8 /* Release */ = {
			isa = XCBuildConfiguration;
			baseConfigurationReference = 171EB324DC7620341457A865 /* Pods-GoogleMapSwiftUI-GoogleMapSwiftUIUITests.release.xcconfig */;
			buildSettings = {
				ALWAYS_EMBED_SWIFT_STANDARD_LIBRARIES = YES;
				CODE_SIGN_STYLE = Automatic;
				DEVELOPMENT_TEAM = LZD5N478Y9;
				INFOPLIST_FILE = GoogleMapSwiftUIUITests/Info.plist;
				LD_RUNPATH_SEARCH_PATHS = (
					"$(inherited)",
					"@executable_path/Frameworks",
					"@loader_path/Frameworks",
				);
				PRODUCT_BUNDLE_IDENTIFIER = "SNN-Systems.GoogleMapSwiftUIUITests";
				PRODUCT_NAME = "$(TARGET_NAME)";
				SWIFT_VERSION = 5.0;
				TARGETED_DEVICE_FAMILY = "1,2";
				TEST_TARGET_NAME = GoogleMapSwiftUI;
			};
			name = Release;
		};
/* End XCBuildConfiguration section */

/* Begin XCConfigurationList section */
		C7ADAD282691DE30005AC8D8 /* Build configuration list for PBXProject "GoogleMapSwiftUI" */ = {
			isa = XCConfigurationList;
			buildConfigurations = (
				C7ADAD552691DE32005AC8D8 /* Debug */,
				C7ADAD562691DE32005AC8D8 /* Release */,
			);
			defaultConfigurationIsVisible = 0;
			defaultConfigurationName = Release;
		};
		C7ADAD572691DE32005AC8D8 /* Build configuration list for PBXNativeTarget "GoogleMapSwiftUI" */ = {
			isa = XCConfigurationList;
			buildConfigurations = (
				C7ADAD582691DE32005AC8D8 /* Debug */,
				C7ADAD592691DE32005AC8D8 /* Release */,
			);
			defaultConfigurationIsVisible = 0;
			defaultConfigurationName = Release;
		};
		C7ADAD5A2691DE32005AC8D8 /* Build configuration list for PBXNativeTarget "GoogleMapSwiftUITests" */ = {
			isa = XCConfigurationList;
			buildConfigurations = (
				C7ADAD5B2691DE32005AC8D8 /* Debug */,
				C7ADAD5C2691DE32005AC8D8 /* Release */,
			);
			defaultConfigurationIsVisible = 0;
			defaultConfigurationName = Release;
		};
		C7ADAD5D2691DE32005AC8D8 /* Build configuration list for PBXNativeTarget "GoogleMapSwiftUIUITests" */ = {
			isa = XCConfigurationList;
			buildConfigurations = (
				C7ADAD5E2691DE32005AC8D8 /* Debug */,
				C7ADAD5F2691DE32005AC8D8 /* Release */,
			);
			defaultConfigurationIsVisible = 0;
			defaultConfigurationName = Release;
		};
/* End XCConfigurationList section */

/* Begin XCRemoteSwiftPackageReference section */
		C73C36A32694C592004831C0 /* XCRemoteSwiftPackageReference "firebase-ios-sdk" */ = {
			isa = XCRemoteSwiftPackageReference;
			repositoryURL = "https://github.com/firebase/firebase-ios-sdk.git";
			requirement = {
				kind = upToNextMajorVersion;
				minimumVersion = 8.2.0;
			};
		};
		C7C8EC3526DA51EA0055F582 /* XCRemoteSwiftPackageReference "Defaults" */ = {
			isa = XCRemoteSwiftPackageReference;
			repositoryURL = "https://github.com/sindresorhus/Defaults.git";
			requirement = {
				kind = upToNextMajorVersion;
				minimumVersion = 5.0.0;
			};
		};
		C7E12C0B26D92D1900FBFB73 /* XCRemoteSwiftPackageReference "Kingfisher" */ = {
			isa = XCRemoteSwiftPackageReference;
			repositoryURL = "https://github.com/onevcat/Kingfisher";
			requirement = {
				kind = upToNextMajorVersion;
				minimumVersion = 6.3.1;
			};
		};
/* End XCRemoteSwiftPackageReference section */

/* Begin XCSwiftPackageProductDependency section */
		C73C36A42694C592004831C0 /* FirebaseDatabase */ = {
			isa = XCSwiftPackageProductDependency;
			package = C73C36A32694C592004831C0 /* XCRemoteSwiftPackageReference "firebase-ios-sdk" */;
			productName = FirebaseDatabase;
		};
		C73C36A62694C592004831C0 /* FirebaseStorage */ = {
			isa = XCSwiftPackageProductDependency;
			package = C73C36A32694C592004831C0 /* XCRemoteSwiftPackageReference "firebase-ios-sdk" */;
			productName = FirebaseStorage;
		};
		C73C36A82694C592004831C0 /* FirebaseFirestore */ = {
			isa = XCSwiftPackageProductDependency;
			package = C73C36A32694C592004831C0 /* XCRemoteSwiftPackageReference "firebase-ios-sdk" */;
			productName = FirebaseFirestore;
		};
		C7C8EC3626DA51EA0055F582 /* Defaults */ = {
			isa = XCSwiftPackageProductDependency;
			package = C7C8EC3526DA51EA0055F582 /* XCRemoteSwiftPackageReference "Defaults" */;
			productName = Defaults;
		};
		C7E12C0C26D92D1900FBFB73 /* Kingfisher */ = {
			isa = XCSwiftPackageProductDependency;
			package = C7E12C0B26D92D1900FBFB73 /* XCRemoteSwiftPackageReference "Kingfisher" */;
			productName = Kingfisher;
		};
/* End XCSwiftPackageProductDependency section */
	};
	rootObject = C7ADAD252691DE30005AC8D8 /* Project object */;
}
