// !$*UTF8*$!
{
	archiveVersion = 1;
	classes = {
	};
	objectVersion = 50;
	objects = {

/* Begin PBXBuildFile section */
		C7ADAD312691DE30005AC8D8 /* AppDelegate.swift in Sources */ = {isa = PBXBuildFile; fileRef = C7ADAD302691DE30005AC8D8 /* AppDelegate.swift */; };
		C7ADAD332691DE30005AC8D8 /* SceneDelegate.swift in Sources */ = {isa = PBXBuildFile; fileRef = C7ADAD322691DE30005AC8D8 /* SceneDelegate.swift */; };
		C7ADAD352691DE30005AC8D8 /* ContentView.swift in Sources */ = {isa = PBXBuildFile; fileRef = C7ADAD342691DE30005AC8D8 /* ContentView.swift */; };
		C7ADAD372691DE32005AC8D8 /* Assets.xcassets in Resources */ = {isa = PBXBuildFile; fileRef = C7ADAD362691DE32005AC8D8 /* Assets.xcassets */; };
		C7ADAD3A2691DE32005AC8D8 /* Preview Assets.xcassets in Resources */ = {isa = PBXBuildFile; fileRef = C7ADAD392691DE32005AC8D8 /* Preview Assets.xcassets */; };
		C7ADAD3D2691DE32005AC8D8 /* LaunchScreen.storyboard in Resources */ = {isa = PBXBuildFile; fileRef = C7ADAD3B2691DE32005AC8D8 /* LaunchScreen.storyboard */; };
		C7ADAD482691DE32005AC8D8 /* GoogleMapSwiftUITests.swift in Sources */ = {isa = PBXBuildFile; fileRef = C7ADAD472691DE32005AC8D8 /* GoogleMapSwiftUITests.swift */; };
		C7ADAD532691DE32005AC8D8 /* GoogleMapSwiftUIUITests.swift in Sources */ = {isa = PBXBuildFile; fileRef = C7ADAD522691DE32005AC8D8 /* GoogleMapSwiftUIUITests.swift */; };
/* End PBXBuildFile section */

/* Begin PBXContainerItemProxy section */
		C7ADAD442691DE32005AC8D8 /* PBXContainerItemProxy */ = {
			isa = PBXContainerItemProxy;
			containerPortal = C7ADAD252691DE30005AC8D8 /* Project object */;
			proxyType = 1;
			remoteGlobalIDString = C7ADAD2C2691DE30005AC8D8;
			remoteInfo = GoogleMapSwiftUI;
		};
		C7ADAD4F2691DE32005AC8D8 /* PBXContainerItemProxy */ = {
			isa = PBXContainerItemProxy;
			containerPortal = C7ADAD252691DE30005AC8D8 /* Project object */;
			proxyType = 1;
			remoteGlobalIDString = C7ADAD2C2691DE30005AC8D8;
			remoteInfo = GoogleMapSwiftUI;
		};
/* End PBXContainerItemProxy section */

/* Begin PBXFileReference section */
		C7ADAD2D2691DE30005AC8D8 /* GoogleMapSwiftUI.app */ = {isa = PBXFileReference; explicitFileType = wrapper.application; includeInIndex = 0; path = GoogleMapSwiftUI.app; sourceTree = BUILT_PRODUCTS_DIR; };
		C7ADAD302691DE30005AC8D8 /* AppDelegate.swift */ = {isa = PBXFileReference; lastKnownFileType = sourcecode.swift; path = AppDelegate.swift; sourceTree = "<group>"; };
		C7ADAD322691DE30005AC8D8 /* SceneDelegate.swift */ = {isa = PBXFileReference; lastKnownFileType = sourcecode.swift; path = SceneDelegate.swift; sourceTree = "<group>"; };
		C7ADAD342691DE30005AC8D8 /* ContentView.swift */ = {isa = PBXFileReference; lastKnownFileType = sourcecode.swift; path = ContentView.swift; sourceTree = "<group>"; };
		C7ADAD362691DE32005AC8D8 /* Assets.xcassets */ = {isa = PBXFileReference; lastKnownFileType = folder.assetcatalog; path = Assets.xcassets; sourceTree = "<group>"; };
		C7ADAD392691DE32005AC8D8 /* Preview Assets.xcassets */ = {isa = PBXFileReference; lastKnownFileType = folder.assetcatalog; path = "Preview Assets.xcassets"; sourceTree = "<group>"; };
		C7ADAD3C2691DE32005AC8D8 /* Base */ = {isa = PBXFileReference; lastKnownFileType = file.storyboard; name = Base; path = Base.lproj/LaunchScreen.storyboard; sourceTree = "<group>"; };
		C7ADAD3E2691DE32005AC8D8 /* Info.plist */ = {isa = PBXFileReference; lastKnownFileType = text.plist.xml; path = Info.plist; sourceTree = "<group>"; };
		C7ADAD432691DE32005AC8D8 /* GoogleMapSwiftUITests.xctest */ = {isa = PBXFileReference; explicitFileType = wrapper.cfbundle; includeInIndex = 0; path = GoogleMapSwiftUITests.xctest; sourceTree = BUILT_PRODUCTS_DIR; };
		C7ADAD472691DE32005AC8D8 /* GoogleMapSwiftUITests.swift */ = {isa = PBXFileReference; lastKnownFileType = sourcecode.swift; path = GoogleMapSwiftUITests.swift; sourceTree = "<group>"; };
		C7ADAD492691DE32005AC8D8 /* Info.plist */ = {isa = PBXFileReference; lastKnownFileType = text.plist.xml; path = Info.plist; sourceTree = "<group>"; };
		C7ADAD4E2691DE32005AC8D8 /* GoogleMapSwiftUIUITests.xctest */ = {isa = PBXFileReference; explicitFileType = wrapper.cfbundle; includeInIndex = 0; path = GoogleMapSwiftUIUITests.xctest; sourceTree = BUILT_PRODUCTS_DIR; };
		C7ADAD522691DE32005AC8D8 /* GoogleMapSwiftUIUITests.swift */ = {isa = PBXFileReference; lastKnownFileType = sourcecode.swift; path = GoogleMapSwiftUIUITests.swift; sourceTree = "<group>"; };
		C7ADAD542691DE32005AC8D8 /* Info.plist */ = {isa = PBXFileReference; lastKnownFileType = text.plist.xml; path = Info.plist; sourceTree = "<group>"; };
/* End PBXFileReference section */

/* Begin PBXFrameworksBuildPhase section */
		C7ADAD2A2691DE30005AC8D8 /* Frameworks */ = {
			isa = PBXFrameworksBuildPhase;
			buildActionMask = 2147483647;
			files = (
			);
			runOnlyForDeploymentPostprocessing = 0;
		};
		C7ADAD402691DE32005AC8D8 /* Frameworks */ = {
			isa = PBXFrameworksBuildPhase;
			buildActionMask = 2147483647;
			files = (
			);
			runOnlyForDeploymentPostprocessing = 0;
		};
		C7ADAD4B2691DE32005AC8D8 /* Frameworks */ = {
			isa = PBXFrameworksBuildPhase;
			buildActionMask = 2147483647;
			files = (
			);
			runOnlyForDeploymentPostprocessing = 0;
		};
/* End PBXFrameworksBuildPhase section */

/* Begin PBXGroup section */
		C7ADAD242691DE30005AC8D8 = {
			isa = PBXGroup;
			children = (
				C7ADAD2F2691DE30005AC8D8 /* GoogleMapSwiftUI */,
				C7ADAD462691DE32005AC8D8 /* GoogleMapSwiftUITests */,
				C7ADAD512691DE32005AC8D8 /* GoogleMapSwiftUIUITests */,
				C7ADAD2E2691DE30005AC8D8 /* Products */,
			);
			sourceTree = "<group>";
		};
		C7ADAD2E2691DE30005AC8D8 /* Products */ = {
			isa = PBXGroup;
			children = (
				C7ADAD2D2691DE30005AC8D8 /* GoogleMapSwiftUI.app */,
				C7ADAD432691DE32005AC8D8 /* GoogleMapSwiftUITests.xctest */,
				C7ADAD4E2691DE32005AC8D8 /* GoogleMapSwiftUIUITests.xctest */,
			);
			name = Products;
			sourceTree = "<group>";
		};
		C7ADAD2F2691DE30005AC8D8 /* GoogleMapSwiftUI */ = {
			isa = PBXGroup;
			children = (
				C7ADAD302691DE30005AC8D8 /* AppDelegate.swift */,
				C7ADAD322691DE30005AC8D8 /* SceneDelegate.swift */,
				C7ADAD342691DE30005AC8D8 /* ContentView.swift */,
				C7ADAD362691DE32005AC8D8 /* Assets.xcassets */,
				C7ADAD3B2691DE32005AC8D8 /* LaunchScreen.storyboard */,
				C7ADAD3E2691DE32005AC8D8 /* Info.plist */,
				C7ADAD382691DE32005AC8D8 /* Preview Content */,
			);
			path = GoogleMapSwiftUI;
			sourceTree = "<group>";
		};
		C7ADAD382691DE32005AC8D8 /* Preview Content */ = {
			isa = PBXGroup;
			children = (
				C7ADAD392691DE32005AC8D8 /* Preview Assets.xcassets */,
			);
			path = "Preview Content";
			sourceTree = "<group>";
		};
		C7ADAD462691DE32005AC8D8 /* GoogleMapSwiftUITests */ = {
			isa = PBXGroup;
			children = (
				C7ADAD472691DE32005AC8D8 /* GoogleMapSwiftUITests.swift */,
				C7ADAD492691DE32005AC8D8 /* Info.plist */,
			);
			path = GoogleMapSwiftUITests;
			sourceTree = "<group>";
		};
		C7ADAD512691DE32005AC8D8 /* GoogleMapSwiftUIUITests */ = {
			isa = PBXGroup;
			children = (
				C7ADAD522691DE32005AC8D8 /* GoogleMapSwiftUIUITests.swift */,
				C7ADAD542691DE32005AC8D8 /* Info.plist */,
			);
			path = GoogleMapSwiftUIUITests;
			sourceTree = "<group>";
		};
/* End PBXGroup section */

/* Begin PBXNativeTarget section */
		C7ADAD2C2691DE30005AC8D8 /* GoogleMapSwiftUI */ = {
			isa = PBXNativeTarget;
			buildConfigurationList = C7ADAD572691DE32005AC8D8 /* Build configuration list for PBXNativeTarget "GoogleMapSwiftUI" */;
			buildPhases = (
				C7ADAD292691DE30005AC8D8 /* Sources */,
				C7ADAD2A2691DE30005AC8D8 /* Frameworks */,
				C7ADAD2B2691DE30005AC8D8 /* Resources */,
			);
			buildRules = (
			);
			dependencies = (
			);
			name = GoogleMapSwiftUI;
			productName = GoogleMapSwiftUI;
			productReference = C7ADAD2D2691DE30005AC8D8 /* GoogleMapSwiftUI.app */;
			productType = "com.apple.product-type.application";
		};
		C7ADAD422691DE32005AC8D8 /* GoogleMapSwiftUITests */ = {
			isa = PBXNativeTarget;
			buildConfigurationList = C7ADAD5A2691DE32005AC8D8 /* Build configuration list for PBXNativeTarget "GoogleMapSwiftUITests" */;
			buildPhases = (
				C7ADAD3F2691DE32005AC8D8 /* Sources */,
				C7ADAD402691DE32005AC8D8 /* Frameworks */,
				C7ADAD412691DE32005AC8D8 /* Resources */,
			);
			buildRules = (
			);
			dependencies = (
				C7ADAD452691DE32005AC8D8 /* PBXTargetDependency */,
			);
			name = GoogleMapSwiftUITests;
			productName = GoogleMapSwiftUITests;
			productReference = C7ADAD432691DE32005AC8D8 /* GoogleMapSwiftUITests.xctest */;
			productType = "com.apple.product-type.bundle.unit-test";
		};
		C7ADAD4D2691DE32005AC8D8 /* GoogleMapSwiftUIUITests */ = {
			isa = PBXNativeTarget;
			buildConfigurationList = C7ADAD5D2691DE32005AC8D8 /* Build configuration list for PBXNativeTarget "GoogleMapSwiftUIUITests" */;
			buildPhases = (
				C7ADAD4A2691DE32005AC8D8 /* Sources */,
				C7ADAD4B2691DE32005AC8D8 /* Frameworks */,
				C7ADAD4C2691DE32005AC8D8 /* Resources */,
			);
			buildRules = (
			);
			dependencies = (
				C7ADAD502691DE32005AC8D8 /* PBXTargetDependency */,
			);
			name = GoogleMapSwiftUIUITests;
			productName = GoogleMapSwiftUIUITests;
			productReference = C7ADAD4E2691DE32005AC8D8 /* GoogleMapSwiftUIUITests.xctest */;
			productType = "com.apple.product-type.bundle.ui-testing";
		};
/* End PBXNativeTarget section */

/* Begin PBXProject section */
		C7ADAD252691DE30005AC8D8 /* Project object */ = {
			isa = PBXProject;
			attributes = {
				LastSwiftUpdateCheck = 1250;
				LastUpgradeCheck = 1250;
				TargetAttributes = {
					C7ADAD2C2691DE30005AC8D8 = {
						CreatedOnToolsVersion = 12.5.1;
					};
					C7ADAD422691DE32005AC8D8 = {
						CreatedOnToolsVersion = 12.5.1;
						TestTargetID = C7ADAD2C2691DE30005AC8D8;
					};
					C7ADAD4D2691DE32005AC8D8 = {
						CreatedOnToolsVersion = 12.5.1;
						TestTargetID = C7ADAD2C2691DE30005AC8D8;
					};
				};
			};
			buildConfigurationList = C7ADAD282691DE30005AC8D8 /* Build configuration list for PBXProject "GoogleMapSwiftUI" */;
			compatibilityVersion = "Xcode 9.3";
			developmentRegion = en;
			hasScannedForEncodings = 0;
			knownRegions = (
				en,
				Base,
			);
			mainGroup = C7ADAD242691DE30005AC8D8;
			productRefGroup = C7ADAD2E2691DE30005AC8D8 /* Products */;
			projectDirPath = "";
			projectRoot = "";
			targets = (
				C7ADAD2C2691DE30005AC8D8 /* GoogleMapSwiftUI */,
				C7ADAD422691DE32005AC8D8 /* GoogleMapSwiftUITests */,
				C7ADAD4D2691DE32005AC8D8 /* GoogleMapSwiftUIUITests */,
			);
		};
/* End PBXProject section */

/* Begin PBXResourcesBuildPhase section */
		C7ADAD2B2691DE30005AC8D8 /* Resources */ = {
			isa = PBXResourcesBuildPhase;
			buildActionMask = 2147483647;
			files = (
				C7ADAD3D2691DE32005AC8D8 /* LaunchScreen.storyboard in Resources */,
				C7ADAD3A2691DE32005AC8D8 /* Preview Assets.xcassets in Resources */,
				C7ADAD372691DE32005AC8D8 /* Assets.xcassets in Resources */,
			);
			runOnlyForDeploymentPostprocessing = 0;
		};
		C7ADAD412691DE32005AC8D8 /* Resources */ = {
			isa = PBXResourcesBuildPhase;
			buildActionMask = 2147483647;
			files = (
			);
			runOnlyForDeploymentPostprocessing = 0;
		};
		C7ADAD4C2691DE32005AC8D8 /* Resources */ = {
			isa = PBXResourcesBuildPhase;
			buildActionMask = 2147483647;
			files = (
			);
			runOnlyForDeploymentPostprocessing = 0;
		};
/* End PBXResourcesBuildPhase section */

/* Begin PBXSourcesBuildPhase section */
		C7ADAD292691DE30005AC8D8 /* Sources */ = {
			isa = PBXSourcesBuildPhase;
			buildActionMask = 2147483647;
			files = (
				C7ADAD312691DE30005AC8D8 /* AppDelegate.swift in Sources */,
				C7ADAD332691DE30005AC8D8 /* SceneDelegate.swift in Sources */,
				C7ADAD352691DE30005AC8D8 /* ContentView.swift in Sources */,
			);
			runOnlyForDeploymentPostprocessing = 0;
		};
		C7ADAD3F2691DE32005AC8D8 /* Sources */ = {
			isa = PBXSourcesBuildPhase;
			buildActionMask = 2147483647;
			files = (
				C7ADAD482691DE32005AC8D8 /* GoogleMapSwiftUITests.swift in Sources */,
			);
			runOnlyForDeploymentPostprocessing = 0;
		};
		C7ADAD4A2691DE32005AC8D8 /* Sources */ = {
			isa = PBXSourcesBuildPhase;
			buildActionMask = 2147483647;
			files = (
				C7ADAD532691DE32005AC8D8 /* GoogleMapSwiftUIUITests.swift in Sources */,
			);
			runOnlyForDeploymentPostprocessing = 0;
		};
/* End PBXSourcesBuildPhase section */

/* Begin PBXTargetDependency section */
		C7ADAD452691DE32005AC8D8 /* PBXTargetDependency */ = {
			isa = PBXTargetDependency;
			target = C7ADAD2C2691DE30005AC8D8 /* GoogleMapSwiftUI */;
			targetProxy = C7ADAD442691DE32005AC8D8 /* PBXContainerItemProxy */;
		};
		C7ADAD502691DE32005AC8D8 /* PBXTargetDependency */ = {
			isa = PBXTargetDependency;
			target = C7ADAD2C2691DE30005AC8D8 /* GoogleMapSwiftUI */;
			targetProxy = C7ADAD4F2691DE32005AC8D8 /* PBXContainerItemProxy */;
		};
/* End PBXTargetDependency section */

/* Begin PBXVariantGroup section */
		C7ADAD3B2691DE32005AC8D8 /* LaunchScreen.storyboard */ = {
			isa = PBXVariantGroup;
			children = (
				C7ADAD3C2691DE32005AC8D8 /* Base */,
			);
			name = LaunchScreen.storyboard;
			sourceTree = "<group>";
		};
/* End PBXVariantGroup section */

/* Begin XCBuildConfiguration section */
		C7ADAD552691DE32005AC8D8 /* Debug */ = {
			isa = XCBuildConfiguration;
			buildSettings = {
				ALWAYS_SEARCH_USER_PATHS = NO;
				CLANG_ANALYZER_NONNULL = YES;
				CLANG_ANALYZER_NUMBER_OBJECT_CONVERSION = YES_AGGRESSIVE;
				CLANG_CXX_LANGUAGE_STANDARD = "gnu++14";
				CLANG_CXX_LIBRARY = "libc++";
				CLANG_ENABLE_MODULES = YES;
				CLANG_ENABLE_OBJC_ARC = YES;
				CLANG_ENABLE_OBJC_WEAK = YES;
				CLANG_WARN_BLOCK_CAPTURE_AUTORELEASING = YES;
				CLANG_WARN_BOOL_CONVERSION = YES;
				CLANG_WARN_COMMA = YES;
				CLANG_WARN_CONSTANT_CONVERSION = YES;
				CLANG_WARN_DEPRECATED_OBJC_IMPLEMENTATIONS = YES;
				CLANG_WARN_DIRECT_OBJC_ISA_USAGE = YES_ERROR;
				CLANG_WARN_DOCUMENTATION_COMMENTS = YES;
				CLANG_WARN_EMPTY_BODY = YES;
				CLANG_WARN_ENUM_CONVERSION = YES;
				CLANG_WARN_INFINITE_RECURSION = YES;
				CLANG_WARN_INT_CONVERSION = YES;
				CLANG_WARN_NON_LITERAL_NULL_CONVERSION = YES;
				CLANG_WARN_OBJC_IMPLICIT_RETAIN_SELF = YES;
				CLANG_WARN_OBJC_LITERAL_CONVERSION = YES;
				CLANG_WARN_OBJC_ROOT_CLASS = YES_ERROR;
				CLANG_WARN_QUOTED_INCLUDE_IN_FRAMEWORK_HEADER = YES;
				CLANG_WARN_RANGE_LOOP_ANALYSIS = YES;
				CLANG_WARN_STRICT_PROTOTYPES = YES;
				CLANG_WARN_SUSPICIOUS_MOVE = YES;
				CLANG_WARN_UNGUARDED_AVAILABILITY = YES_AGGRESSIVE;
				CLANG_WARN_UNREACHABLE_CODE = YES;
				CLANG_WARN__DUPLICATE_METHOD_MATCH = YES;
				COPY_PHASE_STRIP = NO;
				DEBUG_INFORMATION_FORMAT = dwarf;
				ENABLE_STRICT_OBJC_MSGSEND = YES;
				ENABLE_TESTABILITY = YES;
				GCC_C_LANGUAGE_STANDARD = gnu11;
				GCC_DYNAMIC_NO_PIC = NO;
				GCC_NO_COMMON_BLOCKS = YES;
				GCC_OPTIMIZATION_LEVEL = 0;
				GCC_PREPROCESSOR_DEFINITIONS = (
					"DEBUG=1",
					"$(inherited)",
				);
				GCC_WARN_64_TO_32_BIT_CONVERSION = YES;
				GCC_WARN_ABOUT_RETURN_TYPE = YES_ERROR;
				GCC_WARN_UNDECLARED_SELECTOR = YES;
				GCC_WARN_UNINITIALIZED_AUTOS = YES_AGGRESSIVE;
				GCC_WARN_UNUSED_FUNCTION = YES;
				GCC_WARN_UNUSED_VARIABLE = YES;
				IPHONEOS_DEPLOYMENT_TARGET = 14.5;
				MTL_ENABLE_DEBUG_INFO = INCLUDE_SOURCE;
				MTL_FAST_MATH = YES;
				ONLY_ACTIVE_ARCH = YES;
				SDKROOT = iphoneos;
				SWIFT_ACTIVE_COMPILATION_CONDITIONS = DEBUG;
				SWIFT_OPTIMIZATION_LEVEL = "-Onone";
			};
			name = Debug;
		};
		C7ADAD562691DE32005AC8D8 /* Release */ = {
			isa = XCBuildConfiguration;
			buildSettings = {
				ALWAYS_SEARCH_USER_PATHS = NO;
				CLANG_ANALYZER_NONNULL = YES;
				CLANG_ANALYZER_NUMBER_OBJECT_CONVERSION = YES_AGGRESSIVE;
				CLANG_CXX_LANGUAGE_STANDARD = "gnu++14";
				CLANG_CXX_LIBRARY = "libc++";
				CLANG_ENABLE_MODULES = YES;
				CLANG_ENABLE_OBJC_ARC = YES;
				CLANG_ENABLE_OBJC_WEAK = YES;
				CLANG_WARN_BLOCK_CAPTURE_AUTORELEASING = YES;
				CLANG_WARN_BOOL_CONVERSION = YES;
				CLANG_WARN_COMMA = YES;
				CLANG_WARN_CONSTANT_CONVERSION = YES;
				CLANG_WARN_DEPRECATED_OBJC_IMPLEMENTATIONS = YES;
				CLANG_WARN_DIRECT_OBJC_ISA_USAGE = YES_ERROR;
				CLANG_WARN_DOCUMENTATION_COMMENTS = YES;
				CLANG_WARN_EMPTY_BODY = YES;
				CLANG_WARN_ENUM_CONVERSION = YES;
				CLANG_WARN_INFINITE_RECURSION = YES;
				CLANG_WARN_INT_CONVERSION = YES;
				CLANG_WARN_NON_LITERAL_NULL_CONVERSION = YES;
				CLANG_WARN_OBJC_IMPLICIT_RETAIN_SELF = YES;
				CLANG_WARN_OBJC_LITERAL_CONVERSION = YES;
				CLANG_WARN_OBJC_ROOT_CLASS = YES_ERROR;
				CLANG_WARN_QUOTED_INCLUDE_IN_FRAMEWORK_HEADER = YES;
				CLANG_WARN_RANGE_LOOP_ANALYSIS = YES;
				CLANG_WARN_STRICT_PROTOTYPES = YES;
				CLANG_WARN_SUSPICIOUS_MOVE = YES;
				CLANG_WARN_UNGUARDED_AVAILABILITY = YES_AGGRESSIVE;
				CLANG_WARN_UNREACHABLE_CODE = YES;
				CLANG_WARN__DUPLICATE_METHOD_MATCH = YES;
				COPY_PHASE_STRIP = NO;
				DEBUG_INFORMATION_FORMAT = "dwarf-with-dsym";
				ENABLE_NS_ASSERTIONS = NO;
				ENABLE_STRICT_OBJC_MSGSEND = YES;
				GCC_C_LANGUAGE_STANDARD = gnu11;
				GCC_NO_COMMON_BLOCKS = YES;
				GCC_WARN_64_TO_32_BIT_CONVERSION = YES;
				GCC_WARN_ABOUT_RETURN_TYPE = YES_ERROR;
				GCC_WARN_UNDECLARED_SELECTOR = YES;
				GCC_WARN_UNINITIALIZED_AUTOS = YES_AGGRESSIVE;
				GCC_WARN_UNUSED_FUNCTION = YES;
				GCC_WARN_UNUSED_VARIABLE = YES;
				IPHONEOS_DEPLOYMENT_TARGET = 14.5;
				MTL_ENABLE_DEBUG_INFO = NO;
				MTL_FAST_MATH = YES;
				SDKROOT = iphoneos;
				SWIFT_COMPILATION_MODE = wholemodule;
				SWIFT_OPTIMIZATION_LEVEL = "-O";
				VALIDATE_PRODUCT = YES;
			};
			name = Release;
		};
		C7ADAD582691DE32005AC8D8 /* Debug */ = {
			isa = XCBuildConfiguration;
			buildSettings = {
				ASSETCATALOG_COMPILER_APPICON_NAME = AppIcon;
				ASSETCATALOG_COMPILER_GLOBAL_ACCENT_COLOR_NAME = AccentColor;
				CODE_SIGN_STYLE = Automatic;
				DEVELOPMENT_ASSET_PATHS = "\"GoogleMapSwiftUI/Preview Content\"";
				DEVELOPMENT_TEAM = LZD5N478Y9;
				ENABLE_PREVIEWS = YES;
				INFOPLIST_FILE = GoogleMapSwiftUI/Info.plist;
				LD_RUNPATH_SEARCH_PATHS = (
					"$(inherited)",
					"@executable_path/Frameworks",
				);
				PRODUCT_BUNDLE_IDENTIFIER = "SNN-Systems.GoogleMapSwiftUI";
				PRODUCT_NAME = "$(TARGET_NAME)";
				SWIFT_VERSION = 5.0;
				TARGETED_DEVICE_FAMILY = "1,2";
			};
			name = Debug;
		};
		C7ADAD592691DE32005AC8D8 /* Release */ = {
			isa = XCBuildConfiguration;
			buildSettings = {
				ASSETCATALOG_COMPILER_APPICON_NAME = AppIcon;
				ASSETCATALOG_COMPILER_GLOBAL_ACCENT_COLOR_NAME = AccentColor;
				CODE_SIGN_STYLE = Automatic;
				DEVELOPMENT_ASSET_PATHS = "\"GoogleMapSwiftUI/Preview Content\"";
				DEVELOPMENT_TEAM = LZD5N478Y9;
				ENABLE_PREVIEWS = YES;
				INFOPLIST_FILE = GoogleMapSwiftUI/Info.plist;
				LD_RUNPATH_SEARCH_PATHS = (
					"$(inherited)",
					"@executable_path/Frameworks",
				);
				PRODUCT_BUNDLE_IDENTIFIER = "SNN-Systems.GoogleMapSwiftUI";
				PRODUCT_NAME = "$(TARGET_NAME)";
				SWIFT_VERSION = 5.0;
				TARGETED_DEVICE_FAMILY = "1,2";
			};
			name = Release;
		};
		C7ADAD5B2691DE32005AC8D8 /* Debug */ = {
			isa = XCBuildConfiguration;
			buildSettings = {
				ALWAYS_EMBED_SWIFT_STANDARD_LIBRARIES = YES;
				BUNDLE_LOADER = "$(TEST_HOST)";
				CODE_SIGN_STYLE = Automatic;
				DEVELOPMENT_TEAM = LZD5N478Y9;
				INFOPLIST_FILE = GoogleMapSwiftUITests/Info.plist;
				IPHONEOS_DEPLOYMENT_TARGET = 14.5;
				LD_RUNPATH_SEARCH_PATHS = (
					"$(inherited)",
					"@executable_path/Frameworks",
					"@loader_path/Frameworks",
				);
				PRODUCT_BUNDLE_IDENTIFIER = "SNN-Systems.GoogleMapSwiftUITests";
				PRODUCT_NAME = "$(TARGET_NAME)";
				SWIFT_VERSION = 5.0;
				TARGETED_DEVICE_FAMILY = "1,2";
				TEST_HOST = "$(BUILT_PRODUCTS_DIR)/GoogleMapSwiftUI.app/GoogleMapSwiftUI";
			};
			name = Debug;
		};
		C7ADAD5C2691DE32005AC8D8 /* Release */ = {
			isa = XCBuildConfiguration;
			buildSettings = {
				ALWAYS_EMBED_SWIFT_STANDARD_LIBRARIES = YES;
				BUNDLE_LOADER = "$(TEST_HOST)";
				CODE_SIGN_STYLE = Automatic;
				DEVELOPMENT_TEAM = LZD5N478Y9;
				INFOPLIST_FILE = GoogleMapSwiftUITests/Info.plist;
				IPHONEOS_DEPLOYMENT_TARGET = 14.5;
				LD_RUNPATH_SEARCH_PATHS = (
					"$(inherited)",
					"@executable_path/Frameworks",
					"@loader_path/Frameworks",
				);
				PRODUCT_BUNDLE_IDENTIFIER = "SNN-Systems.GoogleMapSwiftUITests";
				PRODUCT_NAME = "$(TARGET_NAME)";
				SWIFT_VERSION = 5.0;
				TARGETED_DEVICE_FAMILY = "1,2";
				TEST_HOST = "$(BUILT_PRODUCTS_DIR)/GoogleMapSwiftUI.app/GoogleMapSwiftUI";
			};
			name = Release;
		};
		C7ADAD5E2691DE32005AC8D8 /* Debug */ = {
			isa = XCBuildConfiguration;
			buildSettings = {
				ALWAYS_EMBED_SWIFT_STANDARD_LIBRARIES = YES;
				CODE_SIGN_STYLE = Automatic;
				DEVELOPMENT_TEAM = LZD5N478Y9;
				INFOPLIST_FILE = GoogleMapSwiftUIUITests/Info.plist;
				LD_RUNPATH_SEARCH_PATHS = (
					"$(inherited)",
					"@executable_path/Frameworks",
					"@loader_path/Frameworks",
				);
				PRODUCT_BUNDLE_IDENTIFIER = "SNN-Systems.GoogleMapSwiftUIUITests";
				PRODUCT_NAME = "$(TARGET_NAME)";
				SWIFT_VERSION = 5.0;
				TARGETED_DEVICE_FAMILY = "1,2";
				TEST_TARGET_NAME = GoogleMapSwiftUI;
			};
			name = Debug;
		};
		C7ADAD5F2691DE32005AC8D8 /* Release */ = {
			isa = XCBuildConfiguration;
			buildSettings = {
				ALWAYS_EMBED_SWIFT_STANDARD_LIBRARIES = YES;
				CODE_SIGN_STYLE = Automatic;
				DEVELOPMENT_TEAM = LZD5N478Y9;
				INFOPLIST_FILE = GoogleMapSwiftUIUITests/Info.plist;
				LD_RUNPATH_SEARCH_PATHS = (
					"$(inherited)",
					"@executable_path/Frameworks",
					"@loader_path/Frameworks",
				);
				PRODUCT_BUNDLE_IDENTIFIER = "SNN-Systems.GoogleMapSwiftUIUITests";
				PRODUCT_NAME = "$(TARGET_NAME)";
				SWIFT_VERSION = 5.0;
				TARGETED_DEVICE_FAMILY = "1,2";
				TEST_TARGET_NAME = GoogleMapSwiftUI;
			};
			name = Release;
		};
/* End XCBuildConfiguration section */

/* Begin XCConfigurationList section */
		C7ADAD282691DE30005AC8D8 /* Build configuration list for PBXProject "GoogleMapSwiftUI" */ = {
			isa = XCConfigurationList;
			buildConfigurations = (
				C7ADAD552691DE32005AC8D8 /* Debug */,
				C7ADAD562691DE32005AC8D8 /* Release */,
			);
			defaultConfigurationIsVisible = 0;
			defaultConfigurationName = Release;
		};
		C7ADAD572691DE32005AC8D8 /* Build configuration list for PBXNativeTarget "GoogleMapSwiftUI" */ = {
			isa = XCConfigurationList;
			buildConfigurations = (
				C7ADAD582691DE32005AC8D8 /* Debug */,
				C7ADAD592691DE32005AC8D8 /* Release */,
			);
			defaultConfigurationIsVisible = 0;
			defaultConfigurationName = Release;
		};
		C7ADAD5A2691DE32005AC8D8 /* Build configuration list for PBXNativeTarget "GoogleMapSwiftUITests" */ = {
			isa = XCConfigurationList;
			buildConfigurations = (
				C7ADAD5B2691DE32005AC8D8 /* Debug */,
				C7ADAD5C2691DE32005AC8D8 /* Release */,
			);
			defaultConfigurationIsVisible = 0;
			defaultConfigurationName = Release;
		};
		C7ADAD5D2691DE32005AC8D8 /* Build configuration list for PBXNativeTarget "GoogleMapSwiftUIUITests" */ = {
			isa = XCConfigurationList;
			buildConfigurations = (
				C7ADAD5E2691DE32005AC8D8 /* Debug */,
				C7ADAD5F2691DE32005AC8D8 /* Release */,
			);
			defaultConfigurationIsVisible = 0;
			defaultConfigurationName = Release;
		};
/* End XCConfigurationList section */
	};
	rootObject = C7ADAD252691DE30005AC8D8 /* Project object */;
}
